
Microsoft Visual Studio Solution File, Format Version 12.00
# Visual Studio 15
VisualStudioVersion = 15.0.28010.0
MinimumVisualStudioVersion = 10.0.40219.1
Project("{9bed34fb-41d9-4177-932a-86a20e7533a5}") = "SteganographicTextDecryptionEffect", "SteganographicTextDecryptionEffect\SteganographicTextDecryptionEffect.csproj", "{6a3ab7e9-e814-43be-a6d0-dfc6ae402f2d}"
EndProject
Global
	GlobalSection(SolutionConfigurationPlatforms) = preSolution
		Debug|Any CPU = Debug|Any CPU
		Release|Any CPU = Release|Any CPU
	EndGlobalSection
	GlobalSection(ProjectConfigurationPlatforms) = postSolution
		{6a3ab7e9-e814-43be-a6d0-dfc6ae402f2d}.Debug|Any CPU.ActiveCfg = Debug|Any CPU
		{6a3ab7e9-e814-43be-a6d0-dfc6ae402f2d}.Debug|Any CPU.Build.0 = Debug|Any CPU
		{6a3ab7e9-e814-43be-a6d0-dfc6ae402f2d}.Release|Any CPU.ActiveCfg = Release|Any CPU
		{6a3ab7e9-e814-43be-a6d0-dfc6ae402f2d}.Release|Any CPU.Build.0 = Release|Any CPU
	EndGlobalSection
	GlobalSection(SolutionProperties) = preSolution
		HideSolutionNode = FALSE
	EndGlobalSection
	GlobalSection(ExtensibilityGlobals) = postSolution
		SolutionGuid = {613ccd99-f544-4d86-87b4-2db0c2adc606}
	EndGlobalSection
EndGlobal
